
Microsoft Visual Studio Solution File, Format Version 12.00
# Visual Studio Version 16
VisualStudioVersion = 16.0.30611.23
MinimumVisualStudioVersion = 10.0.40219.1
Project("{FAE04EC0-301F-11D3-BF4B-00C04F79EFBC}") = "RestAspNet5", "RestAspNet5\RestAspNet5.csproj", "{8770866F-7EFB-4A2F-8998-61A91D0C0931}"
EndProject
Global
	GlobalSection(SolutionConfigurationPlatforms) = preSolution
		Debug|Any CPU = Debug|Any CPU
		Release|Any CPU = Release|Any CPU
	EndGlobalSection
	GlobalSection(ProjectConfigurationPlatforms) = postSolution
		{8770866F-7EFB-4A2F-8998-61A91D0C0931}.Debug|Any CPU.ActiveCfg = Debug|Any CPU
		{8770866F-7EFB-4A2F-8998-61A91D0C0931}.Debug|Any CPU.Build.0 = Debug|Any CPU
		{8770866F-7EFB-4A2F-8998-61A91D0C0931}.Release|Any CPU.ActiveCfg = Release|Any CPU
		{8770866F-7EFB-4A2F-8998-61A91D0C0931}.Release|Any CPU.Build.0 = Release|Any CPU
	EndGlobalSection
	GlobalSection(SolutionProperties) = preSolution
		HideSolutionNode = FALSE
	EndGlobalSection
	GlobalSection(ExtensibilityGlobals) = postSolution
		SolutionGuid = {96719015-1E6D-4770-BA96-66290E990ADC}
	EndGlobalSection
EndGlobal
